
Microsoft Visual Studio Solution File, Format Version 12.00
# Visual Studio Version 16
VisualStudioVersion = 16.0.29926.136
MinimumVisualStudioVersion = 10.0.40219.1
Project("{2150E333-8FDC-42A3-9474-1A3956D46DE8}") = "Common", "Common", "{BF5A2238-A70A-420A-B70E-01F37476AA89}"
EndProject
Project("{2150E333-8FDC-42A3-9474-1A3956D46DE8}") = "Services", "Services", "{D0E0DA26-B731-4F08-9627-2E09640D35A5}"
EndProject
Project("{2150E333-8FDC-42A3-9474-1A3956D46DE8}") = "UI", "UI", "{59598E6E-2DEE-4A8E-959E-C53114C03B99}"
EndProject
Project("{9A19103F-16F7-4668-BE54-9A1E7A4F7556}") = "WebStore.DomainNew", "Common\WebStore.DomainNew\WebStore.DomainNew.csproj", "{53002C7A-E767-476A-9E50-1D7EF3F40B3A}"
EndProject
Project("{9A19103F-16F7-4668-BE54-9A1E7A4F7556}") = "WebStore.DAL", "Services\WebStore.DAL\WebStore.DAL.csproj", "{488D166B-6D25-4E12-9E94-74B0AC496EE3}"
	ProjectSection(ProjectDependencies) = postProject
		{53002C7A-E767-476A-9E50-1D7EF3F40B3A} = {53002C7A-E767-476A-9E50-1D7EF3F40B3A}
	EndProjectSection
EndProject
Project("{9A19103F-16F7-4668-BE54-9A1E7A4F7556}") = "WebStore", "UI\WebStore_2020\WebStore.csproj", "{C2770D0B-F1F9-468F-B408-A02BE499F836}"
	ProjectSection(ProjectDependencies) = postProject
		{488D166B-6D25-4E12-9E94-74B0AC496EE3} = {488D166B-6D25-4E12-9E94-74B0AC496EE3}
		{53002C7A-E767-476A-9E50-1D7EF3F40B3A} = {53002C7A-E767-476A-9E50-1D7EF3F40B3A}
	EndProjectSection
EndProject
Project("{FAE04EC0-301F-11D3-BF4B-00C04F79EFBC}") = "WebStore.Interfaces", "Services\WebStore.Interfaces\WebStore.Interfaces.csproj", "{ADC772C0-C97F-4909-A2CA-59663ABAA9D2}"
EndProject
Project("{FAE04EC0-301F-11D3-BF4B-00C04F79EFBC}") = "WebStore.Services", "Services\WebStore.Services\WebStore.Services.csproj", "{D39DCECC-4498-4DBE-B068-3935EBC2435D}"
EndProject
Project("{FAE04EC0-301F-11D3-BF4B-00C04F79EFBC}") = "WebStore.Clients", "Services\WebStore.Clients\WebStore.Clients.csproj", "{EB564ADB-C17C-468A-8BAA-3FE2724247A8}"
EndProject
Project("{FAE04EC0-301F-11D3-BF4B-00C04F79EFBC}") = "WebStore.ServicesHosting", "Services\WebStore.ServicesHosting\WebStore.ServicesHosting.csproj", "{732BCFD8-B013-4525-9434-B65758C5CA55}"
EndProject
Global
	GlobalSection(SolutionConfigurationPlatforms) = preSolution
		Debug|Any CPU = Debug|Any CPU
		Release|Any CPU = Release|Any CPU
	EndGlobalSection
	GlobalSection(ProjectConfigurationPlatforms) = postSolution
		{53002C7A-E767-476A-9E50-1D7EF3F40B3A}.Debug|Any CPU.ActiveCfg = Debug|Any CPU
		{53002C7A-E767-476A-9E50-1D7EF3F40B3A}.Debug|Any CPU.Build.0 = Debug|Any CPU
		{53002C7A-E767-476A-9E50-1D7EF3F40B3A}.Release|Any CPU.ActiveCfg = Release|Any CPU
		{53002C7A-E767-476A-9E50-1D7EF3F40B3A}.Release|Any CPU.Build.0 = Release|Any CPU
		{488D166B-6D25-4E12-9E94-74B0AC496EE3}.Debug|Any CPU.ActiveCfg = Debug|Any CPU
		{488D166B-6D25-4E12-9E94-74B0AC496EE3}.Debug|Any CPU.Build.0 = Debug|Any CPU
		{488D166B-6D25-4E12-9E94-74B0AC496EE3}.Release|Any CPU.ActiveCfg = Release|Any CPU
		{488D166B-6D25-4E12-9E94-74B0AC496EE3}.Release|Any CPU.Build.0 = Release|Any CPU
		{C2770D0B-F1F9-468F-B408-A02BE499F836}.Debug|Any CPU.ActiveCfg = Debug|Any CPU
		{C2770D0B-F1F9-468F-B408-A02BE499F836}.Debug|Any CPU.Build.0 = Debug|Any CPU
		{C2770D0B-F1F9-468F-B408-A02BE499F836}.Release|Any CPU.ActiveCfg = Release|Any CPU
		{C2770D0B-F1F9-468F-B408-A02BE499F836}.Release|Any CPU.Build.0 = Release|Any CPU
		{ADC772C0-C97F-4909-A2CA-59663ABAA9D2}.Debug|Any CPU.ActiveCfg = Debug|Any CPU
		{ADC772C0-C97F-4909-A2CA-59663ABAA9D2}.Debug|Any CPU.Build.0 = Debug|Any CPU
		{ADC772C0-C97F-4909-A2CA-59663ABAA9D2}.Release|Any CPU.ActiveCfg = Release|Any CPU
		{ADC772C0-C97F-4909-A2CA-59663ABAA9D2}.Release|Any CPU.Build.0 = Release|Any CPU
		{D39DCECC-4498-4DBE-B068-3935EBC2435D}.Debug|Any CPU.ActiveCfg = Debug|Any CPU
		{D39DCECC-4498-4DBE-B068-3935EBC2435D}.Debug|Any CPU.Build.0 = Debug|Any CPU
		{D39DCECC-4498-4DBE-B068-3935EBC2435D}.Release|Any CPU.ActiveCfg = Release|Any CPU
		{D39DCECC-4498-4DBE-B068-3935EBC2435D}.Release|Any CPU.Build.0 = Release|Any CPU
		{EB564ADB-C17C-468A-8BAA-3FE2724247A8}.Debug|Any CPU.ActiveCfg = Debug|Any CPU
		{EB564ADB-C17C-468A-8BAA-3FE2724247A8}.Debug|Any CPU.Build.0 = Debug|Any CPU
		{EB564ADB-C17C-468A-8BAA-3FE2724247A8}.Release|Any CPU.ActiveCfg = Release|Any CPU
		{EB564ADB-C17C-468A-8BAA-3FE2724247A8}.Release|Any CPU.Build.0 = Release|Any CPU
		{732BCFD8-B013-4525-9434-B65758C5CA55}.Debug|Any CPU.ActiveCfg = Debug|Any CPU
		{732BCFD8-B013-4525-9434-B65758C5CA55}.Debug|Any CPU.Build.0 = Debug|Any CPU
		{732BCFD8-B013-4525-9434-B65758C5CA55}.Release|Any CPU.ActiveCfg = Release|Any CPU
		{732BCFD8-B013-4525-9434-B65758C5CA55}.Release|Any CPU.Build.0 = Release|Any CPU
	EndGlobalSection
	GlobalSection(SolutionProperties) = preSolution
		HideSolutionNode = FALSE
	EndGlobalSection
	GlobalSection(NestedProjects) = preSolution
		{53002C7A-E767-476A-9E50-1D7EF3F40B3A} = {BF5A2238-A70A-420A-B70E-01F37476AA89}
		{488D166B-6D25-4E12-9E94-74B0AC496EE3} = {D0E0DA26-B731-4F08-9627-2E09640D35A5}
		{C2770D0B-F1F9-468F-B408-A02BE499F836} = {59598E6E-2DEE-4A8E-959E-C53114C03B99}
		{ADC772C0-C97F-4909-A2CA-59663ABAA9D2} = {D0E0DA26-B731-4F08-9627-2E09640D35A5}
		{D39DCECC-4498-4DBE-B068-3935EBC2435D} = {D0E0DA26-B731-4F08-9627-2E09640D35A5}
		{EB564ADB-C17C-468A-8BAA-3FE2724247A8} = {D0E0DA26-B731-4F08-9627-2E09640D35A5}
		{732BCFD8-B013-4525-9434-B65758C5CA55} = {D0E0DA26-B731-4F08-9627-2E09640D35A5}
	EndGlobalSection
	GlobalSection(ExtensibilityGlobals) = postSolution
		SolutionGuid = {682E862B-59DD-465B-8AFF-BF97312C2854}
	EndGlobalSection
EndGlobal
